{
  "requires": true,
  "lockfileVersion": 1,
  "dependencies": {
    "autonumeric": {
      "version": "4.2.15",
      "resolved": "https://registry.npmjs.org/autonumeric/-/autonumeric-4.2.15.tgz",
      "integrity": "sha512-VZsaPsAKCB5Iy6WdUhcJASuevtWWnraPPLiI8tLCmjvCjfN79Yn/flN1F9ni2QttU379LyUV2kCeDq3bETmeLg=="
    }
  }
}
